
Microsoft Visual Studio Solution File, Format Version 12.00
# Visual Studio Version 17
VisualStudioVersion = 17.1.32328.378
MinimumVisualStudioVersion = 10.0.40219.1
Project("{9A19103F-16F7-4668-BE54-9A1E7A4F7556}") = "DbManagerApi", "DbManagerApi\DbManagerApi.csproj", "{9289AAC4-39FD-4CE5-9DD9-89A716AD80AC}"
EndProject
Project("{FAE04EC0-301F-11D3-BF4B-00C04F79EFBC}") = "Contracts", "Contracts\Contracts.csproj", "{64E28C03-A533-4EE0-A23F-7A20864CBEE5}"
EndProject
Project("{FAE04EC0-301F-11D3-BF4B-00C04F79EFBC}") = "LoggerService", "LoggerService\LoggerService.csproj", "{7831907B-A391-4443-A023-05AE35672D82}"
EndProject
Global
	GlobalSection(SolutionConfigurationPlatforms) = preSolution
		Debug|Any CPU = Debug|Any CPU
		Release|Any CPU = Release|Any CPU
	EndGlobalSection
	GlobalSection(ProjectConfigurationPlatforms) = postSolution
		{9289AAC4-39FD-4CE5-9DD9-89A716AD80AC}.Debug|Any CPU.ActiveCfg = Debug|Any CPU
		{9289AAC4-39FD-4CE5-9DD9-89A716AD80AC}.Debug|Any CPU.Build.0 = Debug|Any CPU
		{9289AAC4-39FD-4CE5-9DD9-89A716AD80AC}.Release|Any CPU.ActiveCfg = Release|Any CPU
		{9289AAC4-39FD-4CE5-9DD9-89A716AD80AC}.Release|Any CPU.Build.0 = Release|Any CPU
		{64E28C03-A533-4EE0-A23F-7A20864CBEE5}.Debug|Any CPU.ActiveCfg = Debug|Any CPU
		{64E28C03-A533-4EE0-A23F-7A20864CBEE5}.Debug|Any CPU.Build.0 = Debug|Any CPU
		{64E28C03-A533-4EE0-A23F-7A20864CBEE5}.Release|Any CPU.ActiveCfg = Release|Any CPU
		{64E28C03-A533-4EE0-A23F-7A20864CBEE5}.Release|Any CPU.Build.0 = Release|Any CPU
		{7831907B-A391-4443-A023-05AE35672D82}.Debug|Any CPU.ActiveCfg = Debug|Any CPU
		{7831907B-A391-4443-A023-05AE35672D82}.Debug|Any CPU.Build.0 = Debug|Any CPU
		{7831907B-A391-4443-A023-05AE35672D82}.Release|Any CPU.ActiveCfg = Release|Any CPU
		{7831907B-A391-4443-A023-05AE35672D82}.Release|Any CPU.Build.0 = Release|Any CPU
	EndGlobalSection
	GlobalSection(SolutionProperties) = preSolution
		HideSolutionNode = FALSE
	EndGlobalSection
	GlobalSection(ExtensibilityGlobals) = postSolution
		SolutionGuid = {B949BF2E-7D2A-47CF-9E3D-821C5908B64B}
	EndGlobalSection
EndGlobal
